
Microsoft Visual Studio Solution File, Format Version 12.00
# Visual Studio Version 17
VisualStudioVersion = 17.8.34408.163
MinimumVisualStudioVersion = 10.0.40219.1
Project("{FAE04EC0-301F-11D3-BF4B-00C04F79EFBC}") = "TodoList2.Server", "TodoList2.Server\TodoList2.Server.csproj", "{EE783888-3D81-4533-8E16-D1BFBE31EE65}"
EndProject
Project("{54A90642-561A-4BB1-A94E-469ADEE60C69}") = "todolist2.client", "todolist2.client\todolist2.client.esproj", "{15648AF2-EEB9-4F36-BBB0-48029DEC4B77}"
EndProject
Global
	GlobalSection(SolutionConfigurationPlatforms) = preSolution
		Debug|Any CPU = Debug|Any CPU
		Release|Any CPU = Release|Any CPU
	EndGlobalSection
	GlobalSection(ProjectConfigurationPlatforms) = postSolution
		{EE783888-3D81-4533-8E16-D1BFBE31EE65}.Debug|Any CPU.ActiveCfg = Debug|Any CPU
		{EE783888-3D81-4533-8E16-D1BFBE31EE65}.Debug|Any CPU.Build.0 = Debug|Any CPU
		{EE783888-3D81-4533-8E16-D1BFBE31EE65}.Release|Any CPU.ActiveCfg = Release|Any CPU
		{EE783888-3D81-4533-8E16-D1BFBE31EE65}.Release|Any CPU.Build.0 = Release|Any CPU
		{15648AF2-EEB9-4F36-BBB0-48029DEC4B77}.Debug|Any CPU.ActiveCfg = Debug|Any CPU
		{15648AF2-EEB9-4F36-BBB0-48029DEC4B77}.Debug|Any CPU.Build.0 = Debug|Any CPU
		{15648AF2-EEB9-4F36-BBB0-48029DEC4B77}.Debug|Any CPU.Deploy.0 = Debug|Any CPU
		{15648AF2-EEB9-4F36-BBB0-48029DEC4B77}.Release|Any CPU.ActiveCfg = Release|Any CPU
		{15648AF2-EEB9-4F36-BBB0-48029DEC4B77}.Release|Any CPU.Build.0 = Release|Any CPU
		{15648AF2-EEB9-4F36-BBB0-48029DEC4B77}.Release|Any CPU.Deploy.0 = Release|Any CPU
	EndGlobalSection
	GlobalSection(SolutionProperties) = preSolution
		HideSolutionNode = FALSE
	EndGlobalSection
	GlobalSection(ExtensibilityGlobals) = postSolution
		SolutionGuid = {4135897D-2F49-4FE7-A978-BB59C3A8D93F}
	EndGlobalSection
EndGlobal
